
Microsoft Visual Studio Solution File, Format Version 12.00
# Visual Studio 15
VisualStudioVersion = 15.0.26823.1
MinimumVisualStudioVersion = 10.0.40219.1
Project("{FAE04EC0-301F-11D3-BF4B-00C04F79EFBC}") = "AppUwp", "AppUwp\AppUwp.csproj", "{95743221-BEB1-45D5-B44C-A795DCB1A0CB}"
EndProject
Global
	GlobalSection(SolutionConfigurationPlatforms) = preSolution
		Debug|ARM = Debug|ARM
		Debug|x64 = Debug|x64
		Debug|x86 = Debug|x86
		Release|ARM = Release|ARM
		Release|x64 = Release|x64
		Release|x86 = Release|x86
	EndGlobalSection
	GlobalSection(ProjectConfigurationPlatforms) = postSolution
		{95743221-BEB1-45D5-B44C-A795DCB1A0CB}.Debug|ARM.ActiveCfg = Debug|ARM
		{95743221-BEB1-45D5-B44C-A795DCB1A0CB}.Debug|ARM.Build.0 = Debug|ARM
		{95743221-BEB1-45D5-B44C-A795DCB1A0CB}.Debug|ARM.Deploy.0 = Debug|ARM
		{95743221-BEB1-45D5-B44C-A795DCB1A0CB}.Debug|x64.ActiveCfg = Debug|x64
		{95743221-BEB1-45D5-B44C-A795DCB1A0CB}.Debug|x64.Build.0 = Debug|x64
		{95743221-BEB1-45D5-B44C-A795DCB1A0CB}.Debug|x64.Deploy.0 = Debug|x64
		{95743221-BEB1-45D5-B44C-A795DCB1A0CB}.Debug|x86.ActiveCfg = Debug|x86
		{95743221-BEB1-45D5-B44C-A795DCB1A0CB}.Debug|x86.Build.0 = Debug|x86
		{95743221-BEB1-45D5-B44C-A795DCB1A0CB}.Debug|x86.Deploy.0 = Debug|x86
		{95743221-BEB1-45D5-B44C-A795DCB1A0CB}.Release|ARM.ActiveCfg = Release|ARM
		{95743221-BEB1-45D5-B44C-A795DCB1A0CB}.Release|ARM.Build.0 = Release|ARM
		{95743221-BEB1-45D5-B44C-A795DCB1A0CB}.Release|ARM.Deploy.0 = Release|ARM
		{95743221-BEB1-45D5-B44C-A795DCB1A0CB}.Release|x64.ActiveCfg = Release|x64
		{95743221-BEB1-45D5-B44C-A795DCB1A0CB}.Release|x64.Build.0 = Release|x64
		{95743221-BEB1-45D5-B44C-A795DCB1A0CB}.Release|x64.Deploy.0 = Release|x64
		{95743221-BEB1-45D5-B44C-A795DCB1A0CB}.Release|x86.ActiveCfg = Release|x86
		{95743221-BEB1-45D5-B44C-A795DCB1A0CB}.Release|x86.Build.0 = Release|x86
		{95743221-BEB1-45D5-B44C-A795DCB1A0CB}.Release|x86.Deploy.0 = Release|x86
	EndGlobalSection
	GlobalSection(SolutionProperties) = preSolution
		HideSolutionNode = FALSE
	EndGlobalSection
	GlobalSection(ExtensibilityGlobals) = postSolution
		SolutionGuid = {22C7FC33-0468-4086-B850-B581C0E57FF9}
	EndGlobalSection
EndGlobal
